
Microsoft Visual Studio Solution File, Format Version 12.00
# Visual Studio Version 17
VisualStudioVersion = 17.1.32210.238
MinimumVisualStudioVersion = 10.0.40219.1
Project("{8BC9CEB8-8B4A-11D0-8D11-00A0C91BC942}") = "Lab 10 -2", "Lab 10 -2\Lab 10 -2.vcxproj", "{9035063A-7DBB-4850-897C-6CE1A18CDF04}"
EndProject
Global
	GlobalSection(SolutionConfigurationPlatforms) = preSolution
		Debug|x64 = Debug|x64
		Release|x64 = Release|x64
	EndGlobalSection
	GlobalSection(ProjectConfigurationPlatforms) = postSolution
		{9035063A-7DBB-4850-897C-6CE1A18CDF04}.Debug|x64.ActiveCfg = Debug|x64
		{9035063A-7DBB-4850-897C-6CE1A18CDF04}.Debug|x64.Build.0 = Debug|x64
		{9035063A-7DBB-4850-897C-6CE1A18CDF04}.Release|x64.ActiveCfg = Release|x64
		{9035063A-7DBB-4850-897C-6CE1A18CDF04}.Release|x64.Build.0 = Release|x64
	EndGlobalSection
	GlobalSection(SolutionProperties) = preSolution
		HideSolutionNode = FALSE
	EndGlobalSection
	GlobalSection(ExtensibilityGlobals) = postSolution
		SolutionGuid = {128915B4-F48D-4383-AF6A-5EA4D2BD9C14}
	EndGlobalSection
EndGlobal
